
Microsoft Visual Studio Solution File, Format Version 12.00
# Visual Studio Version 16
VisualStudioVersion = 16.0.30907.101
MinimumVisualStudioVersion = 10.0.40219.1
Project("{FAE04EC0-301F-11D3-BF4B-00C04F79EFBC}") = "ReadTextFileSystem", "ReadTextFileSystem\ReadTextFileSystem.csproj", "{8BD93935-3928-4961-88D5-DD9F051163EE}"
EndProject
Global
	GlobalSection(SolutionConfigurationPlatforms) = preSolution
		Debug|Any CPU = Debug|Any CPU
		Release|Any CPU = Release|Any CPU
	EndGlobalSection
	GlobalSection(ProjectConfigurationPlatforms) = postSolution
		{8BD93935-3928-4961-88D5-DD9F051163EE}.Debug|Any CPU.ActiveCfg = Debug|Any CPU
		{8BD93935-3928-4961-88D5-DD9F051163EE}.Debug|Any CPU.Build.0 = Debug|Any CPU
		{8BD93935-3928-4961-88D5-DD9F051163EE}.Release|Any CPU.ActiveCfg = Release|Any CPU
		{8BD93935-3928-4961-88D5-DD9F051163EE}.Release|Any CPU.Build.0 = Release|Any CPU
	EndGlobalSection
	GlobalSection(SolutionProperties) = preSolution
		HideSolutionNode = FALSE
	EndGlobalSection
	GlobalSection(ExtensibilityGlobals) = postSolution
		SolutionGuid = {CC64E2BA-50E0-4EBC-9E82-5152E7C760F1}
	EndGlobalSection
EndGlobal
